
Microsoft Visual Studio Solution File, Format Version 12.00
# Visual Studio Version 17
VisualStudioVersion = 17.14.36203.30 d17.14
MinimumVisualStudioVersion = 10.0.40219.1
Project("{FAE04EC0-301F-11D3-BF4B-00C04F79EFBC}") = "org-service", "org-service\org-service.csproj", "{4BCF81EE-542A-45A7-B128-40BFD6E4991C}"
EndProject
Project("{FAE04EC0-301F-11D3-BF4B-00C04F79EFBC}") = "admin-service", "admin-service\admin-service.csproj", "{5C3B0B05-2FB7-444E-9C3B-ED843815EBE7}"
EndProject
Global
	GlobalSection(SolutionConfigurationPlatforms) = preSolution
		Debug|Any CPU = Debug|Any CPU
		Release|Any CPU = Release|Any CPU
	EndGlobalSection
	GlobalSection(ProjectConfigurationPlatforms) = postSolution
		{4BCF81EE-542A-45A7-B128-40BFD6E4991C}.Debug|Any CPU.ActiveCfg = Debug|Any CPU
		{4BCF81EE-542A-45A7-B128-40BFD6E4991C}.Debug|Any CPU.Build.0 = Debug|Any CPU
		{4BCF81EE-542A-45A7-B128-40BFD6E4991C}.Release|Any CPU.ActiveCfg = Release|Any CPU
		{4BCF81EE-542A-45A7-B128-40BFD6E4991C}.Release|Any CPU.Build.0 = Release|Any CPU
		{5C3B0B05-2FB7-444E-9C3B-ED843815EBE7}.Debug|Any CPU.ActiveCfg = Debug|Any CPU
		{5C3B0B05-2FB7-444E-9C3B-ED843815EBE7}.Debug|Any CPU.Build.0 = Debug|Any CPU
		{5C3B0B05-2FB7-444E-9C3B-ED843815EBE7}.Release|Any CPU.ActiveCfg = Release|Any CPU
		{5C3B0B05-2FB7-444E-9C3B-ED843815EBE7}.Release|Any CPU.Build.0 = Release|Any CPU
	EndGlobalSection
	GlobalSection(SolutionProperties) = preSolution
		HideSolutionNode = FALSE
	EndGlobalSection
	GlobalSection(ExtensibilityGlobals) = postSolution
		SolutionGuid = {E495F63B-7BD3-4AEF-869F-C1D032739317}
	EndGlobalSection
EndGlobal
